
Microsoft Visual Studio Solution File, Format Version 12.00
# Visual Studio 15
VisualStudioVersion = 15.0.27004.2009
MinimumVisualStudioVersion = 10.0.40219.1
Project("{FAE04EC0-301F-11D3-BF4B-00C04F79EFBC}") = "JonathanNunez_Final", "JonathanNunez_Final\JonathanNunez_Final.csproj", "{EA5A9244-041B-4283-A201-5C801A8B3401}"
EndProject
Global
	GlobalSection(SolutionConfigurationPlatforms) = preSolution
		Debug|Any CPU = Debug|Any CPU
		Release|Any CPU = Release|Any CPU
	EndGlobalSection
	GlobalSection(ProjectConfigurationPlatforms) = postSolution
		{EA5A9244-041B-4283-A201-5C801A8B3401}.Debug|Any CPU.ActiveCfg = Debug|Any CPU
		{EA5A9244-041B-4283-A201-5C801A8B3401}.Debug|Any CPU.Build.0 = Debug|Any CPU
		{EA5A9244-041B-4283-A201-5C801A8B3401}.Release|Any CPU.ActiveCfg = Release|Any CPU
		{EA5A9244-041B-4283-A201-5C801A8B3401}.Release|Any CPU.Build.0 = Release|Any CPU
	EndGlobalSection
	GlobalSection(SolutionProperties) = preSolution
		HideSolutionNode = FALSE
	EndGlobalSection
	GlobalSection(ExtensibilityGlobals) = postSolution
		SolutionGuid = {41A69582-1697-45CE-97D6-2D8341B8F9BF}
	EndGlobalSection
EndGlobal
